{
  "name": "iPortfolio",
  "lockfileVersion": 3,
  "requires": true,
  "packages": {
    "": {
      "dependencies": {
        "i18next": "^23.12.2",
        "i18next-browser-languagedetector": "^8.0.0",
        "i18next-xhr-backend": "^3.2.2"
      }
    },
    "node_modules/@babel/runtime": {
      "version": "7.25.0",
      "resolved": "https://registry.npmjs.org/@babel/runtime/-/runtime-7.25.0.tgz",
      "integrity": "sha512-7dRy4DwXwtzBrPbZflqxnvfxLF8kdZXPkhymtDeFoFqE6ldzjQFgYTtYIFARcLEYDrqfBfYcZt1WqFxRoyC9Rw==",
      "dependencies": {
        "regenerator-runtime": "^0.14.0"
      },
      "engines": {
        "node": ">=6.9.0"
      }
    },
    "node_modules/i18next": {
      "version": "23.12.2",
      "resolved": "https://registry.npmjs.org/i18next/-/i18next-23.12.2.tgz",
      "integrity": "sha512-XIeh5V+bi8SJSWGL3jqbTEBW5oD6rbP5L+E7dVQh1MNTxxYef0x15rhJVcRb7oiuq4jLtgy2SD8eFlf6P2cmqg==",
      "funding": [
        {
          "type": "individual",
          "url": "https://locize.com"
        },
        {
          "type": "individual",
          "url": "https://locize.com/i18next.html"
        },
        {
          "type": "individual",
          "url": "https://www.i18next.com/how-to/faq#i18next-is-awesome.-how-can-i-support-the-project"
        }
      ],
      "dependencies": {
        "@babel/runtime": "^7.23.2"
      }
    },
    "node_modules/i18next-browser-languagedetector": {
      "version": "8.0.0",
      "resolved": "https://registry.npmjs.org/i18next-browser-languagedetector/-/i18next-browser-languagedetector-8.0.0.tgz",
      "integrity": "sha512-zhXdJXTTCoG39QsrOCiOabnWj2jecouOqbchu3EfhtSHxIB5Uugnm9JaizenOy39h7ne3+fLikIjeW88+rgszw==",
      "dependencies": {
        "@babel/runtime": "^7.23.2"
      }
    },
    "node_modules/i18next-xhr-backend": {
      "version": "3.2.2",
      "resolved": "https://registry.npmjs.org/i18next-xhr-backend/-/i18next-xhr-backend-3.2.2.tgz",
      "integrity": "sha512-OtRf2Vo3IqAxsttQbpjYnmMML12IMB5e0fc5B7qKJFLScitYaXa1OhMX0n0X/3vrfFlpHL9Ro/H+ps4Ej2j7QQ==",
      "deprecated": "replaced by i18next-http-backend",
      "dependencies": {
        "@babel/runtime": "^7.5.5"
      }
    },
    "node_modules/regenerator-runtime": {
      "version": "0.14.1",
      "resolved": "https://registry.npmjs.org/regenerator-runtime/-/regenerator-runtime-0.14.1.tgz",
      "integrity": "sha512-dYnhHh0nJoMfnkZs6GmmhFknAGRrLznOu5nc9ML+EJxGvrx6H7teuevqVqCuPcPK//3eDrrjQhehXVx9cnkGdw=="
    }
  }
}
